{
  "name": "mysql-docker-demo",
  "version": "1.0.0",
  "lockfileVersion": 3,
  "requires": true,
  "packages": {
    "": {
      "name": "mysql-docker-demo",
      "version": "1.0.0",
      "dependencies": {
        "mysql-docker-demo": "file:"
      }
    },
    "node_modules/mysql-docker-demo": {
      "resolved": "",
      "link": true
    }
  }
}
